
Microsoft Visual Studio Solution File, Format Version 12.00
# Visual Studio Version 16
VisualStudioVersion = 16.0.30114.105
MinimumVisualStudioVersion = 10.0.40219.1
Project("{FAE04EC0-301F-11D3-BF4B-00C04F79EFBC}") = "Utf8JsonStreamReader", "Utf8JsonStreamReader\Utf8JsonStreamReader.csproj", "{E028E279-6B35-4F54-B87C-FDE39D31F4B6}"
EndProject
Project("{FAE04EC0-301F-11D3-BF4B-00C04F79EFBC}") = "Tests", "Tests\Tests.csproj", "{44D6F413-87CB-43A7-A8D0-B5FB395C882E}"
EndProject
Project("{FAE04EC0-301F-11D3-BF4B-00C04F79EFBC}") = "Benchmarks", "Benchmarks\Benchmarks.csproj", "{55898F83-8A82-47CA-B401-293568D76340}"
EndProject
Global
	GlobalSection(SolutionConfigurationPlatforms) = preSolution
		Debug|Any CPU = Debug|Any CPU
		Release|Any CPU = Release|Any CPU
	EndGlobalSection
	GlobalSection(SolutionProperties) = preSolution
		HideSolutionNode = FALSE
	EndGlobalSection
	GlobalSection(ProjectConfigurationPlatforms) = postSolution
		{E028E279-6B35-4F54-B87C-FDE39D31F4B6}.Debug|Any CPU.ActiveCfg = Debug|Any CPU
		{E028E279-6B35-4F54-B87C-FDE39D31F4B6}.Debug|Any CPU.Build.0 = Debug|Any CPU
		{E028E279-6B35-4F54-B87C-FDE39D31F4B6}.Release|Any CPU.ActiveCfg = Release|Any CPU
		{E028E279-6B35-4F54-B87C-FDE39D31F4B6}.Release|Any CPU.Build.0 = Release|Any CPU
		{44D6F413-87CB-43A7-A8D0-B5FB395C882E}.Debug|Any CPU.ActiveCfg = Debug|Any CPU
		{44D6F413-87CB-43A7-A8D0-B5FB395C882E}.Debug|Any CPU.Build.0 = Debug|Any CPU
		{44D6F413-87CB-43A7-A8D0-B5FB395C882E}.Release|Any CPU.ActiveCfg = Release|Any CPU
		{44D6F413-87CB-43A7-A8D0-B5FB395C882E}.Release|Any CPU.Build.0 = Release|Any CPU
		{55898F83-8A82-47CA-B401-293568D76340}.Debug|Any CPU.ActiveCfg = Debug|Any CPU
		{55898F83-8A82-47CA-B401-293568D76340}.Debug|Any CPU.Build.0 = Debug|Any CPU
		{55898F83-8A82-47CA-B401-293568D76340}.Release|Any CPU.ActiveCfg = Release|Any CPU
		{55898F83-8A82-47CA-B401-293568D76340}.Release|Any CPU.Build.0 = Release|Any CPU
	EndGlobalSection
EndGlobal
